
Microsoft Visual Studio Solution File, Format Version 12.00
# Visual Studio 14
VisualStudioVersion = 14.0.25420.1
MinimumVisualStudioVersion = 10.0.40219.1
Project("{FAE04EC0-301F-11D3-BF4B-00C04F79EFBC}") = "Saber", "Saber\Saber.csproj", "{AB87C035-A4F1-4F8F-A7A4-69BB75714BBF}"
EndProject
Project("{2150E333-8FDC-42A3-9474-1A3956D46DE8}") = "Libs", "Libs", "{1E6BFFB8-006E-4F2D-8A20-A2F8FEB09515}"
EndProject
Project("{FAE04EC0-301F-11D3-BF4B-00C04F79EFBC}") = "Shortcut", "Libs\Shortcut\Shortcut.csproj", "{5DEADF0B-DC7B-430F-982E-647F7B05455D}"
EndProject
Project("{FAE04EC0-301F-11D3-BF4B-00C04F79EFBC}") = "WinFormsUI", "Libs\WinFormsUI\WinFormsUI.csproj", "{C75532C4-765B-418E-B09B-46D36B2ABDB1}"
EndProject
Project("{2150E333-8FDC-42A3-9474-1A3956D46DE8}") = "Extensions", "Extensions", "{645DEF7B-DF97-492E-8CBE-8F208199257D}"
EndProject
Project("{FAE04EC0-301F-11D3-BF4B-00C04F79EFBC}") = "Core", "Center\Core.csproj", "{87C170A9-697E-44BA-B301-394C99BD7F4D}"
EndProject
Project("{FAE04EC0-301F-11D3-BF4B-00C04F79EFBC}") = "TextEditor", "Extensions\TextEditor\TextEditor.csproj", "{042606A4-81DA-4266-A257-93022E83246E}"
EndProject
Project("{FAE04EC0-301F-11D3-BF4B-00C04F79EFBC}") = "ScintillaNET", "Extensions\ScintillaNET\ScintillaNET.csproj", "{22AE2386-60F1-476E-9303-61CDB0AAC4CF}"
EndProject
Project("{FAE04EC0-301F-11D3-BF4B-00C04F79EFBC}") = "SolutionExplorer", "Extensions\SolutionExplorer\SolutionExplorer.csproj", "{9301CFD9-A71B-4EA0-BD35-810B60BB7571}"
EndProject
Project("{FAE04EC0-301F-11D3-BF4B-00C04F79EFBC}") = "Newtonsoft.Json", "Libs\Newtonsoft.Json\Newtonsoft.Json.csproj", "{EEEA67F9-9089-481D-A4DC-0966DEC9FD7D}"
EndProject
Project("{FAE04EC0-301F-11D3-BF4B-00C04F79EFBC}") = "GameAssist", "Extensions\GameAssist\GameAssist.csproj", "{6D64C80B-D130-4692-8D0E-A4FBD51DBAA7}"
EndProject
Global
	GlobalSection(SolutionConfigurationPlatforms) = preSolution
		Debug|Any CPU = Debug|Any CPU
		Debug|x86 = Debug|x86
		Release|Any CPU = Release|Any CPU
		Release|x86 = Release|x86
		Signed|Any CPU = Signed|Any CPU
		Signed|x86 = Signed|x86
	EndGlobalSection
	GlobalSection(ProjectConfigurationPlatforms) = postSolution
		{AB87C035-A4F1-4F8F-A7A4-69BB75714BBF}.Debug|Any CPU.ActiveCfg = Debug|Any CPU
		{AB87C035-A4F1-4F8F-A7A4-69BB75714BBF}.Debug|Any CPU.Build.0 = Debug|Any CPU
		{AB87C035-A4F1-4F8F-A7A4-69BB75714BBF}.Debug|x86.ActiveCfg = Debug|Any CPU
		{AB87C035-A4F1-4F8F-A7A4-69BB75714BBF}.Release|Any CPU.ActiveCfg = Release|Any CPU
		{AB87C035-A4F1-4F8F-A7A4-69BB75714BBF}.Release|Any CPU.Build.0 = Release|Any CPU
		{AB87C035-A4F1-4F8F-A7A4-69BB75714BBF}.Release|x86.ActiveCfg = Release|Any CPU
		{AB87C035-A4F1-4F8F-A7A4-69BB75714BBF}.Signed|Any CPU.ActiveCfg = Release|Any CPU
		{AB87C035-A4F1-4F8F-A7A4-69BB75714BBF}.Signed|Any CPU.Build.0 = Release|Any CPU
		{AB87C035-A4F1-4F8F-A7A4-69BB75714BBF}.Signed|x86.ActiveCfg = Release|Any CPU
		{5DEADF0B-DC7B-430F-982E-647F7B05455D}.Debug|Any CPU.ActiveCfg = Debug|Any CPU
		{5DEADF0B-DC7B-430F-982E-647F7B05455D}.Debug|Any CPU.Build.0 = Debug|Any CPU
		{5DEADF0B-DC7B-430F-982E-647F7B05455D}.Debug|x86.ActiveCfg = Debug|x86
		{5DEADF0B-DC7B-430F-982E-647F7B05455D}.Debug|x86.Build.0 = Debug|x86
		{5DEADF0B-DC7B-430F-982E-647F7B05455D}.Release|Any CPU.ActiveCfg = Release|Any CPU
		{5DEADF0B-DC7B-430F-982E-647F7B05455D}.Release|Any CPU.Build.0 = Release|Any CPU
		{5DEADF0B-DC7B-430F-982E-647F7B05455D}.Release|x86.ActiveCfg = Release|x86
		{5DEADF0B-DC7B-430F-982E-647F7B05455D}.Release|x86.Build.0 = Release|x86
		{5DEADF0B-DC7B-430F-982E-647F7B05455D}.Signed|Any CPU.ActiveCfg = Release|Any CPU
		{5DEADF0B-DC7B-430F-982E-647F7B05455D}.Signed|Any CPU.Build.0 = Release|Any CPU
		{5DEADF0B-DC7B-430F-982E-647F7B05455D}.Signed|x86.ActiveCfg = Release|x86
		{5DEADF0B-DC7B-430F-982E-647F7B05455D}.Signed|x86.Build.0 = Release|x86
		{C75532C4-765B-418E-B09B-46D36B2ABDB1}.Debug|Any CPU.ActiveCfg = Debug|Any CPU
		{C75532C4-765B-418E-B09B-46D36B2ABDB1}.Debug|Any CPU.Build.0 = Debug|Any CPU
		{C75532C4-765B-418E-B09B-46D36B2ABDB1}.Debug|x86.ActiveCfg = Debug|Any CPU
		{C75532C4-765B-418E-B09B-46D36B2ABDB1}.Release|Any CPU.ActiveCfg = Release|Any CPU
		{C75532C4-765B-418E-B09B-46D36B2ABDB1}.Release|Any CPU.Build.0 = Release|Any CPU
		{C75532C4-765B-418E-B09B-46D36B2ABDB1}.Release|x86.ActiveCfg = Release|Any CPU
		{C75532C4-765B-418E-B09B-46D36B2ABDB1}.Signed|Any CPU.ActiveCfg = Release|Any CPU
		{C75532C4-765B-418E-B09B-46D36B2ABDB1}.Signed|Any CPU.Build.0 = Release|Any CPU
		{C75532C4-765B-418E-B09B-46D36B2ABDB1}.Signed|x86.ActiveCfg = Release|Any CPU
		{87C170A9-697E-44BA-B301-394C99BD7F4D}.Debug|Any CPU.ActiveCfg = Debug|Any CPU
		{87C170A9-697E-44BA-B301-394C99BD7F4D}.Debug|Any CPU.Build.0 = Debug|Any CPU
		{87C170A9-697E-44BA-B301-394C99BD7F4D}.Debug|x86.ActiveCfg = Debug|Any CPU
		{87C170A9-697E-44BA-B301-394C99BD7F4D}.Release|Any CPU.ActiveCfg = Release|Any CPU
		{87C170A9-697E-44BA-B301-394C99BD7F4D}.Release|Any CPU.Build.0 = Release|Any CPU
		{87C170A9-697E-44BA-B301-394C99BD7F4D}.Release|x86.ActiveCfg = Release|Any CPU
		{87C170A9-697E-44BA-B301-394C99BD7F4D}.Signed|Any CPU.ActiveCfg = Release|Any CPU
		{87C170A9-697E-44BA-B301-394C99BD7F4D}.Signed|Any CPU.Build.0 = Release|Any CPU
		{87C170A9-697E-44BA-B301-394C99BD7F4D}.Signed|x86.ActiveCfg = Release|Any CPU
		{042606A4-81DA-4266-A257-93022E83246E}.Debug|Any CPU.ActiveCfg = Debug|Any CPU
		{042606A4-81DA-4266-A257-93022E83246E}.Debug|Any CPU.Build.0 = Debug|Any CPU
		{042606A4-81DA-4266-A257-93022E83246E}.Debug|x86.ActiveCfg = Debug|Any CPU
		{042606A4-81DA-4266-A257-93022E83246E}.Release|Any CPU.ActiveCfg = Release|Any CPU
		{042606A4-81DA-4266-A257-93022E83246E}.Release|Any CPU.Build.0 = Release|Any CPU
		{042606A4-81DA-4266-A257-93022E83246E}.Release|x86.ActiveCfg = Release|Any CPU
		{042606A4-81DA-4266-A257-93022E83246E}.Signed|Any CPU.ActiveCfg = Release|Any CPU
		{042606A4-81DA-4266-A257-93022E83246E}.Signed|Any CPU.Build.0 = Release|Any CPU
		{042606A4-81DA-4266-A257-93022E83246E}.Signed|x86.ActiveCfg = Release|Any CPU
		{22AE2386-60F1-476E-9303-61CDB0AAC4CF}.Debug|Any CPU.ActiveCfg = Debug|Any CPU
		{22AE2386-60F1-476E-9303-61CDB0AAC4CF}.Debug|Any CPU.Build.0 = Debug|Any CPU
		{22AE2386-60F1-476E-9303-61CDB0AAC4CF}.Debug|x86.ActiveCfg = Debug|Any CPU
		{22AE2386-60F1-476E-9303-61CDB0AAC4CF}.Release|Any CPU.ActiveCfg = Release|Any CPU
		{22AE2386-60F1-476E-9303-61CDB0AAC4CF}.Release|Any CPU.Build.0 = Release|Any CPU
		{22AE2386-60F1-476E-9303-61CDB0AAC4CF}.Release|x86.ActiveCfg = Release|Any CPU
		{22AE2386-60F1-476E-9303-61CDB0AAC4CF}.Signed|Any CPU.ActiveCfg = Signed|Any CPU
		{22AE2386-60F1-476E-9303-61CDB0AAC4CF}.Signed|Any CPU.Build.0 = Signed|Any CPU
		{22AE2386-60F1-476E-9303-61CDB0AAC4CF}.Signed|x86.ActiveCfg = Signed|Any CPU
		{9301CFD9-A71B-4EA0-BD35-810B60BB7571}.Debug|Any CPU.ActiveCfg = Debug|Any CPU
		{9301CFD9-A71B-4EA0-BD35-810B60BB7571}.Debug|Any CPU.Build.0 = Debug|Any CPU
		{9301CFD9-A71B-4EA0-BD35-810B60BB7571}.Debug|x86.ActiveCfg = Debug|Any CPU
		{9301CFD9-A71B-4EA0-BD35-810B60BB7571}.Release|Any CPU.ActiveCfg = Release|Any CPU
		{9301CFD9-A71B-4EA0-BD35-810B60BB7571}.Release|Any CPU.Build.0 = Release|Any CPU
		{9301CFD9-A71B-4EA0-BD35-810B60BB7571}.Release|x86.ActiveCfg = Release|Any CPU
		{9301CFD9-A71B-4EA0-BD35-810B60BB7571}.Signed|Any CPU.ActiveCfg = Release|Any CPU
		{9301CFD9-A71B-4EA0-BD35-810B60BB7571}.Signed|Any CPU.Build.0 = Release|Any CPU
		{9301CFD9-A71B-4EA0-BD35-810B60BB7571}.Signed|x86.ActiveCfg = Release|Any CPU
		{EEEA67F9-9089-481D-A4DC-0966DEC9FD7D}.Debug|Any CPU.ActiveCfg = Debug|Any CPU
		{EEEA67F9-9089-481D-A4DC-0966DEC9FD7D}.Debug|Any CPU.Build.0 = Debug|Any CPU
		{EEEA67F9-9089-481D-A4DC-0966DEC9FD7D}.Debug|x86.ActiveCfg = Debug|Any CPU
		{EEEA67F9-9089-481D-A4DC-0966DEC9FD7D}.Debug|x86.Build.0 = Debug|Any CPU
		{EEEA67F9-9089-481D-A4DC-0966DEC9FD7D}.Release|Any CPU.ActiveCfg = Release|Any CPU
		{EEEA67F9-9089-481D-A4DC-0966DEC9FD7D}.Release|Any CPU.Build.0 = Release|Any CPU
		{EEEA67F9-9089-481D-A4DC-0966DEC9FD7D}.Release|x86.ActiveCfg = Release|Any CPU
		{EEEA67F9-9089-481D-A4DC-0966DEC9FD7D}.Release|x86.Build.0 = Release|Any CPU
		{EEEA67F9-9089-481D-A4DC-0966DEC9FD7D}.Signed|Any CPU.ActiveCfg = Release|Any CPU
		{EEEA67F9-9089-481D-A4DC-0966DEC9FD7D}.Signed|Any CPU.Build.0 = Release|Any CPU
		{EEEA67F9-9089-481D-A4DC-0966DEC9FD7D}.Signed|x86.ActiveCfg = Release|Any CPU
		{EEEA67F9-9089-481D-A4DC-0966DEC9FD7D}.Signed|x86.Build.0 = Release|Any CPU
		{6D64C80B-D130-4692-8D0E-A4FBD51DBAA7}.Debug|Any CPU.ActiveCfg = Debug|Any CPU
		{6D64C80B-D130-4692-8D0E-A4FBD51DBAA7}.Debug|Any CPU.Build.0 = Debug|Any CPU
		{6D64C80B-D130-4692-8D0E-A4FBD51DBAA7}.Debug|x86.ActiveCfg = Debug|Any CPU
		{6D64C80B-D130-4692-8D0E-A4FBD51DBAA7}.Debug|x86.Build.0 = Debug|Any CPU
		{6D64C80B-D130-4692-8D0E-A4FBD51DBAA7}.Release|Any CPU.ActiveCfg = Release|Any CPU
		{6D64C80B-D130-4692-8D0E-A4FBD51DBAA7}.Release|Any CPU.Build.0 = Release|Any CPU
		{6D64C80B-D130-4692-8D0E-A4FBD51DBAA7}.Release|x86.ActiveCfg = Release|Any CPU
		{6D64C80B-D130-4692-8D0E-A4FBD51DBAA7}.Release|x86.Build.0 = Release|Any CPU
		{6D64C80B-D130-4692-8D0E-A4FBD51DBAA7}.Signed|Any CPU.ActiveCfg = Release|Any CPU
		{6D64C80B-D130-4692-8D0E-A4FBD51DBAA7}.Signed|Any CPU.Build.0 = Release|Any CPU
		{6D64C80B-D130-4692-8D0E-A4FBD51DBAA7}.Signed|x86.ActiveCfg = Release|Any CPU
		{6D64C80B-D130-4692-8D0E-A4FBD51DBAA7}.Signed|x86.Build.0 = Release|Any CPU
	EndGlobalSection
	GlobalSection(SolutionProperties) = preSolution
		HideSolutionNode = FALSE
	EndGlobalSection
	GlobalSection(NestedProjects) = preSolution
		{5DEADF0B-DC7B-430F-982E-647F7B05455D} = {1E6BFFB8-006E-4F2D-8A20-A2F8FEB09515}
		{C75532C4-765B-418E-B09B-46D36B2ABDB1} = {1E6BFFB8-006E-4F2D-8A20-A2F8FEB09515}
		{87C170A9-697E-44BA-B301-394C99BD7F4D} = {1E6BFFB8-006E-4F2D-8A20-A2F8FEB09515}
		{042606A4-81DA-4266-A257-93022E83246E} = {645DEF7B-DF97-492E-8CBE-8F208199257D}
		{22AE2386-60F1-476E-9303-61CDB0AAC4CF} = {645DEF7B-DF97-492E-8CBE-8F208199257D}
		{9301CFD9-A71B-4EA0-BD35-810B60BB7571} = {645DEF7B-DF97-492E-8CBE-8F208199257D}
		{EEEA67F9-9089-481D-A4DC-0966DEC9FD7D} = {1E6BFFB8-006E-4F2D-8A20-A2F8FEB09515}
		{6D64C80B-D130-4692-8D0E-A4FBD51DBAA7} = {645DEF7B-DF97-492E-8CBE-8F208199257D}
	EndGlobalSection
EndGlobal
